
Microsoft Visual Studio Solution File, Format Version 12.00
# Visual Studio Version 17
VisualStudioVersion = 17.0.32126.317
MinimumVisualStudioVersion = 10.0.40219.1
Project("{FAE04EC0-301F-11D3-BF4B-00C04F79EFBC}") = "sharp_lb3", "sharp_lb3\sharp_lb3.csproj", "{11EB75EC-BE85-4BBE-BA1D-527259DF17B0}"
EndProject
Global
	GlobalSection(SolutionConfigurationPlatforms) = preSolution
		Debug|Any CPU = Debug|Any CPU
		Release|Any CPU = Release|Any CPU
	EndGlobalSection
	GlobalSection(ProjectConfigurationPlatforms) = postSolution
		{11EB75EC-BE85-4BBE-BA1D-527259DF17B0}.Debug|Any CPU.ActiveCfg = Debug|Any CPU
		{11EB75EC-BE85-4BBE-BA1D-527259DF17B0}.Debug|Any CPU.Build.0 = Debug|Any CPU
		{11EB75EC-BE85-4BBE-BA1D-527259DF17B0}.Release|Any CPU.ActiveCfg = Release|Any CPU
		{11EB75EC-BE85-4BBE-BA1D-527259DF17B0}.Release|Any CPU.Build.0 = Release|Any CPU
	EndGlobalSection
	GlobalSection(SolutionProperties) = preSolution
		HideSolutionNode = FALSE
	EndGlobalSection
	GlobalSection(ExtensibilityGlobals) = postSolution
		SolutionGuid = {81397F6C-E6C9-46BB-9B9F-9A3918E43ED7}
	EndGlobalSection
EndGlobal
